
Microsoft Visual Studio Solution File, Format Version 12.00
# Visual Studio 14
VisualStudioVersion = 14.0.25420.1
MinimumVisualStudioVersion = 10.0.40219.1
Project("{2150E333-8FDC-42A3-9474-1A3956D46DE8}") = "Implementations", "Implementations", "{005B7B59-0F28-4C60-B636-628BDCAB5065}"
EndProject
Project("{2150E333-8FDC-42A3-9474-1A3956D46DE8}") = "Console", "Console", "{8443744B-4160-4953-BCC1-CFCFBFF91B0B}"
EndProject
Project("{2150E333-8FDC-42A3-9474-1A3956D46DE8}") = "ASP.NET", "ASP.NET", "{475038D4-AF40-4423-9994-EC9877F8BF1D}"
EndProject
Project("{2150E333-8FDC-42A3-9474-1A3956D46DE8}") = "ChatClients", "ChatClients", "{65B9CF2C-C1D2-4D5E-9B92-5475BBF4F427}"
EndProject
Project("{2150E333-8FDC-42A3-9474-1A3956D46DE8}") = "WPF", "WPF", "{9D460A76-9E39-4F2D-8373-179A224F78DD}"
EndProject
Project("{2150E333-8FDC-42A3-9474-1A3956D46DE8}") = "ChatHub", "ChatHub", "{96F4F7A2-E888-441C-AAB4-AD7ACAB923FC}"
EndProject
Project("{FAE04EC0-301F-11D3-BF4B-00C04F79EFBC}") = "NG.Chat.Model", "NG.Chat.Model\NG.Chat.Model.csproj", "{C90B86FB-FED7-4DCA-BFBC-F6C0A0BC606E}"
EndProject
Project("{FAE04EC0-301F-11D3-BF4B-00C04F79EFBC}") = "NG.Chat", "NG.Chat\NG.Chat.csproj", "{FAD64AE0-6A83-4F37-86A2-BB8BFA720392}"
EndProject
Project("{FAE04EC0-301F-11D3-BF4B-00C04F79EFBC}") = "NG.Chat.SignalRChatClient", "SignalRChatClient\NG.Chat.SignalRChatClient.csproj", "{869531BF-673F-4416-BDD0-7C1DD856A0A1}"
EndProject
Project("{FAE04EC0-301F-11D3-BF4B-00C04F79EFBC}") = "ConsoleChatApp", "ConsoleChatApp\ConsoleChatApp.csproj", "{07288407-1153-4AC6-9799-C97097C7B5D5}"
EndProject
Project("{2150E333-8FDC-42A3-9474-1A3956D46DE8}") = "Tests", "Tests", "{627A2BDF-A716-443E-8F4D-928D5167ED9A}"
EndProject
Project("{FAE04EC0-301F-11D3-BF4B-00C04F79EFBC}") = "WpfChatApp", "WpfChatApp\WpfChatApp.csproj", "{4A18B998-EA74-478B-945F-61F010F16ECB}"
EndProject
Project("{FAE04EC0-301F-11D3-BF4B-00C04F79EFBC}") = "NG.Chat.DummyChatClient", "NG.Chat.DummyChatClient\NG.Chat.DummyChatClient.csproj", "{16871A6F-8E3C-4D0C-8909-D2C4935F1400}"
EndProject
Project("{FAE04EC0-301F-11D3-BF4B-00C04F79EFBC}") = "ChatTest234789234234789Service", "ChatTest234789234234789Service\ChatTest234789234234789Service.csproj", "{209FA716-A7AD-4095-BD70-C8710FC66FA7}"
EndProject
Project("{FAE04EC0-301F-11D3-BF4B-00C04F79EFBC}") = "NG.Chat.Tests", "NG.Chat.Tests\NG.Chat.Tests.csproj", "{E845E62E-B3A1-4389-979D-116F73A2CF2F}"
EndProject
Global
	GlobalSection(SolutionConfigurationPlatforms) = preSolution
		Debug|Any CPU = Debug|Any CPU
		Release|Any CPU = Release|Any CPU
	EndGlobalSection
	GlobalSection(ProjectConfigurationPlatforms) = postSolution
		{C90B86FB-FED7-4DCA-BFBC-F6C0A0BC606E}.Debug|Any CPU.ActiveCfg = Debug|Any CPU
		{C90B86FB-FED7-4DCA-BFBC-F6C0A0BC606E}.Debug|Any CPU.Build.0 = Debug|Any CPU
		{C90B86FB-FED7-4DCA-BFBC-F6C0A0BC606E}.Release|Any CPU.ActiveCfg = Release|Any CPU
		{C90B86FB-FED7-4DCA-BFBC-F6C0A0BC606E}.Release|Any CPU.Build.0 = Release|Any CPU
		{FAD64AE0-6A83-4F37-86A2-BB8BFA720392}.Debug|Any CPU.ActiveCfg = Debug|Any CPU
		{FAD64AE0-6A83-4F37-86A2-BB8BFA720392}.Debug|Any CPU.Build.0 = Debug|Any CPU
		{FAD64AE0-6A83-4F37-86A2-BB8BFA720392}.Release|Any CPU.ActiveCfg = Release|Any CPU
		{FAD64AE0-6A83-4F37-86A2-BB8BFA720392}.Release|Any CPU.Build.0 = Release|Any CPU
		{869531BF-673F-4416-BDD0-7C1DD856A0A1}.Debug|Any CPU.ActiveCfg = Debug|Any CPU
		{869531BF-673F-4416-BDD0-7C1DD856A0A1}.Debug|Any CPU.Build.0 = Debug|Any CPU
		{869531BF-673F-4416-BDD0-7C1DD856A0A1}.Release|Any CPU.ActiveCfg = Release|Any CPU
		{869531BF-673F-4416-BDD0-7C1DD856A0A1}.Release|Any CPU.Build.0 = Release|Any CPU
		{07288407-1153-4AC6-9799-C97097C7B5D5}.Debug|Any CPU.ActiveCfg = Debug|Any CPU
		{07288407-1153-4AC6-9799-C97097C7B5D5}.Debug|Any CPU.Build.0 = Debug|Any CPU
		{07288407-1153-4AC6-9799-C97097C7B5D5}.Release|Any CPU.ActiveCfg = Release|Any CPU
		{07288407-1153-4AC6-9799-C97097C7B5D5}.Release|Any CPU.Build.0 = Release|Any CPU
		{4A18B998-EA74-478B-945F-61F010F16ECB}.Debug|Any CPU.ActiveCfg = Debug|Any CPU
		{4A18B998-EA74-478B-945F-61F010F16ECB}.Debug|Any CPU.Build.0 = Debug|Any CPU
		{4A18B998-EA74-478B-945F-61F010F16ECB}.Release|Any CPU.ActiveCfg = Release|Any CPU
		{4A18B998-EA74-478B-945F-61F010F16ECB}.Release|Any CPU.Build.0 = Release|Any CPU
		{16871A6F-8E3C-4D0C-8909-D2C4935F1400}.Debug|Any CPU.ActiveCfg = Debug|Any CPU
		{16871A6F-8E3C-4D0C-8909-D2C4935F1400}.Debug|Any CPU.Build.0 = Debug|Any CPU
		{16871A6F-8E3C-4D0C-8909-D2C4935F1400}.Release|Any CPU.ActiveCfg = Release|Any CPU
		{16871A6F-8E3C-4D0C-8909-D2C4935F1400}.Release|Any CPU.Build.0 = Release|Any CPU
		{209FA716-A7AD-4095-BD70-C8710FC66FA7}.Debug|Any CPU.ActiveCfg = Debug|Any CPU
		{209FA716-A7AD-4095-BD70-C8710FC66FA7}.Debug|Any CPU.Build.0 = Debug|Any CPU
		{209FA716-A7AD-4095-BD70-C8710FC66FA7}.Release|Any CPU.ActiveCfg = Release|Any CPU
		{209FA716-A7AD-4095-BD70-C8710FC66FA7}.Release|Any CPU.Build.0 = Release|Any CPU
		{E845E62E-B3A1-4389-979D-116F73A2CF2F}.Debug|Any CPU.ActiveCfg = Debug|Any CPU
		{E845E62E-B3A1-4389-979D-116F73A2CF2F}.Debug|Any CPU.Build.0 = Debug|Any CPU
		{E845E62E-B3A1-4389-979D-116F73A2CF2F}.Release|Any CPU.ActiveCfg = Release|Any CPU
		{E845E62E-B3A1-4389-979D-116F73A2CF2F}.Release|Any CPU.Build.0 = Release|Any CPU
	EndGlobalSection
	GlobalSection(SolutionProperties) = preSolution
		HideSolutionNode = FALSE
	EndGlobalSection
	GlobalSection(NestedProjects) = preSolution
		{8443744B-4160-4953-BCC1-CFCFBFF91B0B} = {005B7B59-0F28-4C60-B636-628BDCAB5065}
		{475038D4-AF40-4423-9994-EC9877F8BF1D} = {005B7B59-0F28-4C60-B636-628BDCAB5065}
		{9D460A76-9E39-4F2D-8373-179A224F78DD} = {005B7B59-0F28-4C60-B636-628BDCAB5065}
		{869531BF-673F-4416-BDD0-7C1DD856A0A1} = {65B9CF2C-C1D2-4D5E-9B92-5475BBF4F427}
		{07288407-1153-4AC6-9799-C97097C7B5D5} = {8443744B-4160-4953-BCC1-CFCFBFF91B0B}
		{4A18B998-EA74-478B-945F-61F010F16ECB} = {9D460A76-9E39-4F2D-8373-179A224F78DD}
		{16871A6F-8E3C-4D0C-8909-D2C4935F1400} = {65B9CF2C-C1D2-4D5E-9B92-5475BBF4F427}
		{209FA716-A7AD-4095-BD70-C8710FC66FA7} = {96F4F7A2-E888-441C-AAB4-AD7ACAB923FC}
		{E845E62E-B3A1-4389-979D-116F73A2CF2F} = {627A2BDF-A716-443E-8F4D-928D5167ED9A}
	EndGlobalSection
	GlobalSection(ExtensibilityGlobals) = postSolution
		SolutionGuid = {06572AAC-CB63-4F09-8125-1EEF0AF1F382}
	EndGlobalSection
EndGlobal
